# the purpose of this file is a hack to make heroku behave


"@artsy/fresnel@^1.4.0":
  version "1.5.0"
  resolved "https://registry.yarnpkg.com/@artsy/fresnel/-/fresnel-1.5.0.tgz#bfbdfed989515ac154dada47038a71f4ce966f19"
  integrity sha512-iINa/h9E28DlKsgCOkTAs3kNGDM3HBOASm9+qjl/x+YZsAu0fjKsQI4ryHzadyqOI2A0f3mKt0Q2BYsp/wiw4Q==

